// !$*UTF8*$!
{
	archiveVersion = 1;
	classes = {
	};
	objectVersion = 46;
	objects = {

/* Begin PBXBuildFile section */
		841A4FDF1B15123C00FE5035 /* main.m in Sources */ = {isa = PBXBuildFile; fileRef = 841A4FDE1B15123C00FE5035 /* main.m */; };
		841A4FE21B15123D00FE5035 /* AppDelegate.m in Sources */ = {isa = PBXBuildFile; fileRef = 841A4FE11B15123D00FE5035 /* AppDelegate.m */; };
		841A4FE51B15123D00FE5035 /* MeetupViewController.m in Sources */ = {isa = PBXBuildFile; fileRef = 841A4FE41B15123D00FE5035 /* MeetupViewController.m */; };
		841A4FE81B15123D00FE5035 /* Main.storyboard in Resources */ = {isa = PBXBuildFile; fileRef = 841A4FE61B15123D00FE5035 /* Main.storyboard */; };
		841A4FEA1B15123D00FE5035 /* Images.xcassets in Resources */ = {isa = PBXBuildFile; fileRef = 841A4FE91B15123D00FE5035 /* Images.xcassets */; };
		841A4FED1B15123D00FE5035 /* LaunchScreen.xib in Resources */ = {isa = PBXBuildFile; fileRef = 841A4FEB1B15123D00FE5035 /* LaunchScreen.xib */; };
		841A4FF91B15123D00FE5035 /* MeetMeUpTests.m in Sources */ = {isa = PBXBuildFile; fileRef = 841A4FF81B15123D00FE5035 /* MeetMeUpTests.m */; };
		841A50041B153AFE00FE5035 /* Event.m in Sources */ = {isa = PBXBuildFile; fileRef = 841A50031B153AFE00FE5035 /* Event.m */; };
		841A50071B153E3800FE5035 /* DestinationViewController.m in Sources */ = {isa = PBXBuildFile; fileRef = 841A50061B153E3800FE5035 /* DestinationViewController.m */; };
		841A500A1B1569A900FE5035 /* WebViewController.m in Sources */ = {isa = PBXBuildFile; fileRef = 841A50091B1569A900FE5035 /* WebViewController.m */; };
/* End PBXBuildFile section */

/* Begin PBXContainerItemProxy section */
		841A4FF31B15123D00FE5035 /* PBXContainerItemProxy */ = {
			isa = PBXContainerItemProxy;
			containerPortal = 841A4FD11B15123C00FE5035 /* Project object */;
			proxyType = 1;
			remoteGlobalIDString = 841A4FD81B15123C00FE5035;
			remoteInfo = MeetMeUp;
		};
/* End PBXContainerItemProxy section */

/* Begin PBXFileReference section */
		841A4FD91B15123C00FE5035 /* MeetMeUp.app */ = {isa = PBXFileReference; explicitFileType = wrapper.application; includeInIndex = 0; path = MeetMeUp.app; sourceTree = BUILT_PRODUCTS_DIR; };
		841A4FDD1B15123C00FE5035 /* Info.plist */ = {isa = PBXFileReference; lastKnownFileType = text.plist.xml; path = Info.plist; sourceTree = "<group>"; };
		841A4FDE1B15123C00FE5035 /* main.m */ = {isa = PBXFileReference; lastKnownFileType = sourcecode.c.objc; path = main.m; sourceTree = "<group>"; };
		841A4FE01B15123C00FE5035 /* AppDelegate.h */ = {isa = PBXFileReference; lastKnownFileType = sourcecode.c.h; path = AppDelegate.h; sourceTree = "<group>"; };
		841A4FE11B15123D00FE5035 /* AppDelegate.m */ = {isa = PBXFileReference; lastKnownFileType = sourcecode.c.objc; path = AppDelegate.m; sourceTree = "<group>"; };
		841A4FE31B15123D00FE5035 /* MeetupViewController.h */ = {isa = PBXFileReference; lastKnownFileType = sourcecode.c.h; path = MeetupViewController.h; sourceTree = "<group>"; };
		841A4FE41B15123D00FE5035 /* MeetupViewController.m */ = {isa = PBXFileReference; lastKnownFileType = sourcecode.c.objc; path = MeetupViewController.m; sourceTree = "<group>"; };
		841A4FE71B15123D00FE5035 /* Base */ = {isa = PBXFileReference; lastKnownFileType = file.storyboard; name = Base; path = Base.lproj/Main.storyboard; sourceTree = "<group>"; };
		841A4FE91B15123D00FE5035 /* Images.xcassets */ = {isa = PBXFileReference; lastKnownFileType = folder.assetcatalog; path = Images.xcassets; sourceTree = "<group>"; };
		841A4FEC1B15123D00FE5035 /* Base */ = {isa = PBXFileReference; lastKnownFileType = file.xib; name = Base; path = Base.lproj/LaunchScreen.xib; sourceTree = "<group>"; };
		841A4FF21B15123D00FE5035 /* MeetMeUpTests.xctest */ = {isa = PBXFileReference; explicitFileType = wrapper.cfbundle; includeInIndex = 0; path = MeetMeUpTests.xctest; sourceTree = BUILT_PRODUCTS_DIR; };
		841A4FF71B15123D00FE5035 /* Info.plist */ = {isa = PBXFileReference; lastKnownFileType = text.plist.xml; path = Info.plist; sourceTree = "<group>"; };
		841A4FF81B15123D00FE5035 /* MeetMeUpTests.m */ = {isa = PBXFileReference; lastKnownFileType = sourcecode.c.objc; path = MeetMeUpTests.m; sourceTree = "<group>"; };
		841A50021B153AFE00FE5035 /* Event.h */ = {isa = PBXFileReference; fileEncoding = 4; lastKnownFileType = sourcecode.c.h; path = Event.h; sourceTree = "<group>"; };
		841A50031B153AFE00FE5035 /* Event.m */ = {isa = PBXFileReference; fileEncoding = 4; lastKnownFileType = sourcecode.c.objc; path = Event.m; sourceTree = "<group>"; };
		841A50051B153E3800FE5035 /* DestinationViewController.h */ = {isa = PBXFileReference; fileEncoding = 4; lastKnownFileType = sourcecode.c.h; path = DestinationViewController.h; sourceTree = "<group>"; };
		841A50061B153E3800FE5035 /* DestinationViewController.m */ = {isa = PBXFileReference; fileEncoding = 4; lastKnownFileType = sourcecode.c.objc; path = DestinationViewController.m; sourceTree = "<group>"; };
		841A50081B1569A900FE5035 /* WebViewController.h */ = {isa = PBXFileReference; fileEncoding = 4; lastKnownFileType = sourcecode.c.h; path = WebViewController.h; sourceTree = "<group>"; };
		841A50091B1569A900FE5035 /* WebViewController.m */ = {isa = PBXFileReference; fileEncoding = 4; lastKnownFileType = sourcecode.c.objc; path = WebViewController.m; sourceTree = "<group>"; };
/* End PBXFileReference section */

/* Begin PBXFrameworksBuildPhase section */
		841A4FD61B15123C00FE5035 /* Frameworks */ = {
			isa = PBXFrameworksBuildPhase;
			buildActionMask = 2147483647;
			files = (
			);
			runOnlyForDeploymentPostprocessing = 0;
		};
		841A4FEF1B15123D00FE5035 /* Frameworks */ = {
			isa = PBXFrameworksBuildPhase;
			buildActionMask = 2147483647;
			files = (
			);
			runOnlyForDeploymentPostprocessing = 0;
		};
/* End PBXFrameworksBuildPhase section */

/* Begin PBXGroup section */
		841A4FD01B15123C00FE5035 = {
			isa = PBXGroup;
			children = (
				841A4FDB1B15123C00FE5035 /* MeetMeUp */,
				841A4FF51B15123D00FE5035 /* MeetMeUpTests */,
				841A4FDA1B15123C00FE5035 /* Products */,
			);
			sourceTree = "<group>";
		};
		841A4FDA1B15123C00FE5035 /* Products */ = {
			isa = PBXGroup;
			children = (
				841A4FD91B15123C00FE5035 /* MeetMeUp.app */,
				841A4FF21B15123D00FE5035 /* MeetMeUpTests.xctest */,
			);
			name = Products;
			sourceTree = "<group>";
		};
		841A4FDB1B15123C00FE5035 /* MeetMeUp */ = {
			isa = PBXGroup;
			children = (
				841A4FE01B15123C00FE5035 /* AppDelegate.h */,
				841A4FE11B15123D00FE5035 /* AppDelegate.m */,
				841A4FE31B15123D00FE5035 /* MeetupViewController.h */,
				841A4FE41B15123D00FE5035 /* MeetupViewController.m */,
				841A50021B153AFE00FE5035 /* Event.h */,
				841A50031B153AFE00FE5035 /* Event.m */,
				841A4FE61B15123D00FE5035 /* Main.storyboard */,
				841A50081B1569A900FE5035 /* WebViewController.h */,
				841A50091B1569A900FE5035 /* WebViewController.m */,
				841A50051B153E3800FE5035 /* DestinationViewController.h */,
				841A50061B153E3800FE5035 /* DestinationViewController.m */,
				841A4FE91B15123D00FE5035 /* Images.xcassets */,
				841A4FEB1B15123D00FE5035 /* LaunchScreen.xib */,
				841A4FDC1B15123C00FE5035 /* Supporting Files */,
			);
			path = MeetMeUp;
			sourceTree = "<group>";
		};
		841A4FDC1B15123C00FE5035 /* Supporting Files */ = {
			isa = PBXGroup;
			children = (
				841A4FDD1B15123C00FE5035 /* Info.plist */,
				841A4FDE1B15123C00FE5035 /* main.m */,
			);
			name = "Supporting Files";
			sourceTree = "<group>";
		};
		841A4FF51B15123D00FE5035 /* MeetMeUpTests */ = {
			isa = PBXGroup;
			children = (
				841A4FF81B15123D00FE5035 /* MeetMeUpTests.m */,
				841A4FF61B15123D00FE5035 /* Supporting Files */,
			);
			path = MeetMeUpTests;
			sourceTree = "<group>";
		};
		841A4FF61B15123D00FE5035 /* Supporting Files */ = {
			isa = PBXGroup;
			children = (
				841A4FF71B15123D00FE5035 /* Info.plist */,
			);
			name = "Supporting Files";
			sourceTree = "<group>";
		};
/* End PBXGroup section */

/* Begin PBXNativeTarget section */
		841A4FD81B15123C00FE5035 /* MeetMeUp */ = {
			isa = PBXNativeTarget;
			buildConfigurationList = 841A4FFC1B15123D00FE5035 /* Build configuration list for PBXNativeTarget "MeetMeUp" */;
			buildPhases = (
				841A4FD51B15123C00FE5035 /* Sources */,
				841A4FD61B15123C00FE5035 /* Frameworks */,
				841A4FD71B15123C00FE5035 /* Resources */,
			);
			buildRules = (
			);
			dependencies = (
			);
			name = MeetMeUp;
			productName = MeetMeUp;
			productReference = 841A4FD91B15123C00FE5035 /* MeetMeUp.app */;
			productType = "com.apple.product-type.application";
		};
		841A4FF11B15123D00FE5035 /* MeetMeUpTests */ = {
			isa = PBXNativeTarget;
			buildConfigurationList = 841A4FFF1B15123D00FE5035 /* Build configuration list for PBXNativeTarget "MeetMeUpTests" */;
			buildPhases = (
				841A4FEE1B15123D00FE5035 /* Sources */,
				841A4FEF1B15123D00FE5035 /* Frameworks */,
				841A4FF01B15123D00FE5035 /* Resources */,
			);
			buildRules = (
			);
			dependencies = (
				841A4FF41B15123D00FE5035 /* PBXTargetDependency */,
			);
			name = MeetMeUpTests;
			productName = MeetMeUpTests;
			productReference = 841A4FF21B15123D00FE5035 /* MeetMeUpTests.xctest */;
			productType = "com.apple.product-type.bundle.unit-test";
		};
/* End PBXNativeTarget section */

/* Begin PBXProject section */
		841A4FD11B15123C00FE5035 /* Project object */ = {
			isa = PBXProject;
			attributes = {
				LastUpgradeCheck = 0630;
				ORGANIZATIONNAME = "Brent Dady";
				TargetAttributes = {
					841A4FD81B15123C00FE5035 = {
						CreatedOnToolsVersion = 6.3.2;
					};
					841A4FF11B15123D00FE5035 = {
						CreatedOnToolsVersion = 6.3.2;
						TestTargetID = 841A4FD81B15123C00FE5035;
					};
				};
			};
			buildConfigurationList = 841A4FD41B15123C00FE5035 /* Build configuration list for PBXProject "MeetMeUp" */;
			compatibilityVersion = "Xcode 3.2";
			developmentRegion = English;
			hasScannedForEncodings = 0;
			knownRegions = (
				en,
				Base,
			);
			mainGroup = 841A4FD01B15123C00FE5035;
			productRefGroup = 841A4FDA1B15123C00FE5035 /* Products */;
			projectDirPath = "";
			projectRoot = "";
			targets = (
				841A4FD81B15123C00FE5035 /* MeetMeUp */,
				841A4FF11B15123D00FE5035 /* MeetMeUpTests */,
			);
		};
/* End PBXProject section */

/* Begin PBXResourcesBuildPhase section */
		841A4FD71B15123C00FE5035 /* Resources */ = {
			isa = PBXResourcesBuildPhase;
			buildActionMask = 2147483647;
			files = (
				841A4FE81B15123D00FE5035 /* Main.storyboard in Resources */,
				841A4FED1B15123D00FE5035 /* LaunchScreen.xib in Resources */,
				841A4FEA1B15123D00FE5035 /* Images.xcassets in Resources */,
			);
			runOnlyForDeploymentPostprocessing = 0;
		};
		841A4FF01B15123D00FE5035 /* Resources */ = {
			isa = PBXResourcesBuildPhase;
			buildActionMask = 2147483647;
			files = (
			);
			runOnlyForDeploymentPostprocessing = 0;
		};
/* End PBXResourcesBuildPhase section */

/* Begin PBXSourcesBuildPhase section */
		841A4FD51B15123C00FE5035 /* Sources */ = {
			isa = PBXSourcesBuildPhase;
			buildActionMask = 2147483647;
			files = (
				841A50041B153AFE00FE5035 /* Event.m in Sources */,
				841A500A1B1569A900FE5035 /* WebViewController.m in Sources */,
				841A50071B153E3800FE5035 /* DestinationViewController.m in Sources */,
				841A4FE51B15123D00FE5035 /* MeetupViewController.m in Sources */,
				841A4FE21B15123D00FE5035 /* AppDelegate.m in Sources */,
				841A4FDF1B15123C00FE5035 /* main.m in Sources */,
			);
			runOnlyForDeploymentPostprocessing = 0;
		};
		841A4FEE1B15123D00FE5035 /* Sources */ = {
			isa = PBXSourcesBuildPhase;
			buildActionMask = 2147483647;
			files = (
				841A4FF91B15123D00FE5035 /* MeetMeUpTests.m in Sources */,
			);
			runOnlyForDeploymentPostprocessing = 0;
		};
/* End PBXSourcesBuildPhase section */

/* Begin PBXTargetDependency section */
		841A4FF41B15123D00FE5035 /* PBXTargetDependency */ = {
			isa = PBXTargetDependency;
			target = 841A4FD81B15123C00FE5035 /* MeetMeUp */;
			targetProxy = 841A4FF31B15123D00FE5035 /* PBXContainerItemProxy */;
		};
/* End PBXTargetDependency section */

/* Begin PBXVariantGroup section */
		841A4FE61B15123D00FE5035 /* Main.storyboard */ = {
			isa = PBXVariantGroup;
			children = (
				841A4FE71B15123D00FE5035 /* Base */,
			);
			name = Main.storyboard;
			sourceTree = "<group>";
		};
		841A4FEB1B15123D00FE5035 /* LaunchScreen.xib */ = {
			isa = PBXVariantGroup;
			children = (
				841A4FEC1B15123D00FE5035 /* Base */,
			);
			name = LaunchScreen.xib;
			sourceTree = "<group>";
		};
/* End PBXVariantGroup section */

/* Begin XCBuildConfiguration section */
		841A4FFA1B15123D00FE5035 /* Debug */ = {
			isa = XCBuildConfiguration;
			buildSettings = {
				ALWAYS_SEARCH_USER_PATHS = NO;
				CLANG_CXX_LANGUAGE_STANDARD = "gnu++0x";
				CLANG_CXX_LIBRARY = "libc++";
				CLANG_ENABLE_MODULES = YES;
				CLANG_ENABLE_OBJC_ARC = YES;
				CLANG_WARN_BOOL_CONVERSION = YES;
				CLANG_WARN_CONSTANT_CONVERSION = YES;
				CLANG_WARN_DIRECT_OBJC_ISA_USAGE = YES_ERROR;
				CLANG_WARN_EMPTY_BODY = YES;
				CLANG_WARN_ENUM_CONVERSION = YES;
				CLANG_WARN_INT_CONVERSION = YES;
				CLANG_WARN_OBJC_ROOT_CLASS = YES_ERROR;
				CLANG_WARN_UNREACHABLE_CODE = YES;
				CLANG_WARN__DUPLICATE_METHOD_MATCH = YES;
				"CODE_SIGN_IDENTITY[sdk=iphoneos*]" = "iPhone Developer";
				COPY_PHASE_STRIP = NO;
				DEBUG_INFORMATION_FORMAT = "dwarf-with-dsym";
				ENABLE_STRICT_OBJC_MSGSEND = YES;
				GCC_C_LANGUAGE_STANDARD = gnu99;
				GCC_DYNAMIC_NO_PIC = NO;
				GCC_NO_COMMON_BLOCKS = YES;
				GCC_OPTIMIZATION_LEVEL = 0;
				GCC_PREPROCESSOR_DEFINITIONS = (
					"DEBUG=1",
					"$(inherited)",
				);
				GCC_SYMBOLS_PRIVATE_EXTERN = NO;
				GCC_WARN_64_TO_32_BIT_CONVERSION = YES;
				GCC_WARN_ABOUT_RETURN_TYPE = YES_ERROR;
				GCC_WARN_UNDECLARED_SELECTOR = YES;
				GCC_WARN_UNINITIALIZED_AUTOS = YES_AGGRESSIVE;
				GCC_WARN_UNUSED_FUNCTION = YES;
				GCC_WARN_UNUSED_VARIABLE = YES;
				IPHONEOS_DEPLOYMENT_TARGET = 8.3;
				MTL_ENABLE_DEBUG_INFO = YES;
				ONLY_ACTIVE_ARCH = YES;
				SDKROOT = iphoneos;
			};
			name = Debug;
		};
		841A4FFB1B15123D00FE5035 /* Release */ = {
			isa = XCBuildConfiguration;
			buildSettings = {
				ALWAYS_SEARCH_USER_PATHS = NO;
				CLANG_CXX_LANGUAGE_STANDARD = "gnu++0x";
				CLANG_CXX_LIBRARY = "libc++";
				CLANG_ENABLE_MODULES = YES;
				CLANG_ENABLE_OBJC_ARC = YES;
				CLANG_WARN_BOOL_CONVERSION = YES;
				CLANG_WARN_CONSTANT_CONVERSION = YES;
				CLANG_WARN_DIRECT_OBJC_ISA_USAGE = YES_ERROR;
				CLANG_WARN_EMPTY_BODY = YES;
				CLANG_WARN_ENUM_CONVERSION = YES;
				CLANG_WARN_INT_CONVERSION = YES;
				CLANG_WARN_OBJC_ROOT_CLASS = YES_ERROR;
				CLANG_WARN_UNREACHABLE_CODE = YES;
				CLANG_WARN__DUPLICATE_METHOD_MATCH = YES;
				"CODE_SIGN_IDENTITY[sdk=iphoneos*]" = "iPhone Developer";
				COPY_PHASE_STRIP = NO;
				DEBUG_INFORMATION_FORMAT = "dwarf-with-dsym";
				ENABLE_NS_ASSERTIONS = NO;
				ENABLE_STRICT_OBJC_MSGSEND = YES;
				GCC_C_LANGUAGE_STANDARD = gnu99;
				GCC_NO_COMMON_BLOCKS = YES;
				GCC_WARN_64_TO_32_BIT_CONVERSION = YES;
				GCC_WARN_ABOUT_RETURN_TYPE = YES_ERROR;
				GCC_WARN_UNDECLARED_SELECTOR = YES;
				GCC_WARN_UNINITIALIZED_AUTOS = YES_AGGRESSIVE;
				GCC_WARN_UNUSED_FUNCTION = YES;
				GCC_WARN_UNUSED_VARIABLE = YES;
				IPHONEOS_DEPLOYMENT_TARGET = 8.3;
				MTL_ENABLE_DEBUG_INFO = NO;
				SDKROOT = iphoneos;
				VALIDATE_PRODUCT = YES;
			};
			name = Release;
		};
		841A4FFD1B15123D00FE5035 /* Debug */ = {
			isa = XCBuildConfiguration;
			buildSettings = {
				ASSETCATALOG_COMPILER_APPICON_NAME = AppIcon;
				INFOPLIST_FILE = MeetMeUp/Info.plist;
				LD_RUNPATH_SEARCH_PATHS = "$(inherited) @executable_path/Frameworks";
				PRODUCT_NAME = "$(TARGET_NAME)";
			};
			name = Debug;
		};
		841A4FFE1B15123D00FE5035 /* Release */ = {
			isa = XCBuildConfiguration;
			buildSettings = {
				ASSETCATALOG_COMPILER_APPICON_NAME = AppIcon;
				INFOPLIST_FILE = MeetMeUp/Info.plist;
				LD_RUNPATH_SEARCH_PATHS = "$(inherited) @executable_path/Frameworks";
				PRODUCT_NAME = "$(TARGET_NAME)";
			};
			name = Release;
		};
		841A50001B15123D00FE5035 /* Debug */ = {
			isa = XCBuildConfiguration;
			buildSettings = {
				BUNDLE_LOADER = "$(TEST_HOST)";
				FRAMEWORK_SEARCH_PATHS = (
					"$(SDKROOT)/Developer/Library/Frameworks",
					"$(inherited)",
				);
				GCC_PREPROCESSOR_DEFINITIONS = (
					"DEBUG=1",
					"$(inherited)",
				);
				INFOPLIST_FILE = MeetMeUpTests/Info.plist;
				LD_RUNPATH_SEARCH_PATHS = "$(inherited) @executable_path/Frameworks @loader_path/Frameworks";
				PRODUCT_NAME = "$(TARGET_NAME)";
				TEST_HOST = "$(BUILT_PRODUCTS_DIR)/MeetMeUp.app/MeetMeUp";
			};
			name = Debug;
		};
		841A50011B15123D00FE5035 /* Release */ = {
			isa = XCBuildConfiguration;
			buildSettings = {
				BUNDLE_LOADER = "$(TEST_HOST)";
				FRAMEWORK_SEARCH_PATHS = (
					"$(SDKROOT)/Developer/Library/Frameworks",
					"$(inherited)",
				);
				INFOPLIST_FILE = MeetMeUpTests/Info.plist;
				LD_RUNPATH_SEARCH_PATHS = "$(inherited) @executable_path/Frameworks @loader_path/Frameworks";
				PRODUCT_NAME = "$(TARGET_NAME)";
				TEST_HOST = "$(BUILT_PRODUCTS_DIR)/MeetMeUp.app/MeetMeUp";
			};
			name = Release;
		};
/* End XCBuildConfiguration section */

/* Begin XCConfigurationList section */
		841A4FD41B15123C00FE5035 /* Build configuration list for PBXProject "MeetMeUp" */ = {
			isa = XCConfigurationList;
			buildConfigurations = (
				841A4FFA1B15123D00FE5035 /* Debug */,
				841A4FFB1B15123D00FE5035 /* Release */,
			);
			defaultConfigurationIsVisible = 0;
			defaultConfigurationName = Release;
		};
		841A4FFC1B15123D00FE5035 /* Build configuration list for PBXNativeTarget "MeetMeUp" */ = {
			isa = XCConfigurationList;
			buildConfigurations = (
				841A4FFD1B15123D00FE5035 /* Debug */,
				841A4FFE1B15123D00FE5035 /* Release */,
			);
			defaultConfigurationIsVisible = 0;
		};
		841A4FFF1B15123D00FE5035 /* Build configuration list for PBXNativeTarget "MeetMeUpTests" */ = {
			isa = XCConfigurationList;
			buildConfigurations = (
				841A50001B15123D00FE5035 /* Debug */,
				841A50011B15123D00FE5035 /* Release */,
			);
			defaultConfigurationIsVisible = 0;
		};
/* End XCConfigurationList section */
	};
	rootObject = 841A4FD11B15123C00FE5035 /* Project object */;
}
